
Microsoft Visual Studio Solution File, Format Version 12.00
# Visual Studio Version 17
VisualStudioVersion = 17.0.31903.59
MinimumVisualStudioVersion = 10.0.40219.1
Project("{2150E333-8FDC-42A3-9474-1A3956D46DE8}") = "src", "src", "{827E0CD3-B72D-47B6-A68D-7590B98EB39B}"
EndProject
Project("{FAE04EC0-301F-11D3-BF4B-00C04F79EFBC}") = "JustDummies", "JustDummies\JustDummies.csproj", "{F79F5007-FEAE-4694-A65F-1A32DA833B98}"
EndProject
Project("{FAE04EC0-301F-11D3-BF4B-00C04F79EFBC}") = "JustDummies.Analyzers", "JustDummies.Analyzers\JustDummies.Analyzers.csproj", "{6527A958-5F9C-4834-BAC7-8DA83485F26C}"
EndProject
Project("{FAE04EC0-301F-11D3-BF4B-00C04F79EFBC}") = "JustDummies.Xunit", "JustDummies.Xunit\JustDummies.Xunit.csproj", "{08DB81C7-2CAC-4DAE-8FD3-9BEC7FF0FEBF}"
EndProject
Project("{2150E333-8FDC-42A3-9474-1A3956D46DE8}") = "tests", "tests", "{0AB3BF05-4346-4AA6-1389-037BE0695223}"
EndProject
Project("{FAE04EC0-301F-11D3-BF4B-00C04F79EFBC}") = "JustDummies.UnitTests", "JustDummies.UnitTests\JustDummies.UnitTests.csproj", "{4FAF765F-76B6-4D98-9C87-F2606FE6C41D}"
EndProject
Project("{FAE04EC0-301F-11D3-BF4B-00C04F79EFBC}") = "JustDummies.PropertyTests", "JustDummies.PropertyTests\JustDummies.PropertyTests.csproj", "{65D5D7F3-C1B0-48A2-B172-F69D17DA32FF}"
EndProject
Project("{FAE04EC0-301F-11D3-BF4B-00C04F79EFBC}") = "JustDummies.Analyzers.UnitTests", "JustDummies.Analyzers.UnitTests\JustDummies.Analyzers.UnitTests.csproj", "{A13316F4-0CC0-4C25-81BD-3CF677D5DE30}"
EndProject
Project("{FAE04EC0-301F-11D3-BF4B-00C04F79EFBC}") = "JustDummies.Xunit.UnitTests", "JustDummies.Xunit.UnitTests\JustDummies.Xunit.UnitTests.csproj", "{ED8438BC-F5F3-4720-91D0-63AEDA51546C}"
EndProject
Project("{FAE04EC0-301F-11D3-BF4B-00C04F79EFBC}") = "JustDummies.DiagnosticCatalog", "JustDummies.DiagnosticCatalog\JustDummies.DiagnosticCatalog.csproj", "{90C47598-0154-43C3-BE8A-5CFF984998FE}"
EndProject
Global
	GlobalSection(SolutionConfigurationPlatforms) = preSolution
		Debug|Any CPU = Debug|Any CPU
		Debug|x64 = Debug|x64
		Debug|x86 = Debug|x86
		Release|Any CPU = Release|Any CPU
		Release|x64 = Release|x64
		Release|x86 = Release|x86
	EndGlobalSection
	GlobalSection(ProjectConfigurationPlatforms) = postSolution
		{F79F5007-FEAE-4694-A65F-1A32DA833B98}.Debug|Any CPU.ActiveCfg = Debug|Any CPU
		{F79F5007-FEAE-4694-A65F-1A32DA833B98}.Debug|Any CPU.Build.0 = Debug|Any CPU
		{F79F5007-FEAE-4694-A65F-1A32DA833B98}.Debug|x64.ActiveCfg = Debug|Any CPU
		{F79F5007-FEAE-4694-A65F-1A32DA833B98}.Debug|x64.Build.0 = Debug|Any CPU
		{F79F5007-FEAE-4694-A65F-1A32DA833B98}.Debug|x86.ActiveCfg = Debug|Any CPU
		{F79F5007-FEAE-4694-A65F-1A32DA833B98}.Debug|x86.Build.0 = Debug|Any CPU
		{F79F5007-FEAE-4694-A65F-1A32DA833B98}.Release|Any CPU.ActiveCfg = Release|Any CPU
		{F79F5007-FEAE-4694-A65F-1A32DA833B98}.Release|Any CPU.Build.0 = Release|Any CPU
		{F79F5007-FEAE-4694-A65F-1A32DA833B98}.Release|x64.ActiveCfg = Release|Any CPU
		{F79F5007-FEAE-4694-A65F-1A32DA833B98}.Release|x64.Build.0 = Release|Any CPU
		{F79F5007-FEAE-4694-A65F-1A32DA833B98}.Release|x86.ActiveCfg = Release|Any CPU
		{F79F5007-FEAE-4694-A65F-1A32DA833B98}.Release|x86.Build.0 = Release|Any CPU
		{6527A958-5F9C-4834-BAC7-8DA83485F26C}.Debug|Any CPU.ActiveCfg = Debug|Any CPU
		{6527A958-5F9C-4834-BAC7-8DA83485F26C}.Debug|Any CPU.Build.0 = Debug|Any CPU
		{6527A958-5F9C-4834-BAC7-8DA83485F26C}.Debug|x64.ActiveCfg = Debug|Any CPU
		{6527A958-5F9C-4834-BAC7-8DA83485F26C}.Debug|x64.Build.0 = Debug|Any CPU
		{6527A958-5F9C-4834-BAC7-8DA83485F26C}.Debug|x86.ActiveCfg = Debug|Any CPU
		{6527A958-5F9C-4834-BAC7-8DA83485F26C}.Debug|x86.Build.0 = Debug|Any CPU
		{6527A958-5F9C-4834-BAC7-8DA83485F26C}.Release|Any CPU.ActiveCfg = Release|Any CPU
		{6527A958-5F9C-4834-BAC7-8DA83485F26C}.Release|Any CPU.Build.0 = Release|Any CPU
		{6527A958-5F9C-4834-BAC7-8DA83485F26C}.Release|x64.ActiveCfg = Release|Any CPU
		{6527A958-5F9C-4834-BAC7-8DA83485F26C}.Release|x64.Build.0 = Release|Any CPU
		{6527A958-5F9C-4834-BAC7-8DA83485F26C}.Release|x86.ActiveCfg = Release|Any CPU
		{6527A958-5F9C-4834-BAC7-8DA83485F26C}.Release|x86.Build.0 = Release|Any CPU
		{08DB81C7-2CAC-4DAE-8FD3-9BEC7FF0FEBF}.Debug|Any CPU.ActiveCfg = Debug|Any CPU
		{08DB81C7-2CAC-4DAE-8FD3-9BEC7FF0FEBF}.Debug|Any CPU.Build.0 = Debug|Any CPU
		{08DB81C7-2CAC-4DAE-8FD3-9BEC7FF0FEBF}.Debug|x64.ActiveCfg = Debug|Any CPU
		{08DB81C7-2CAC-4DAE-8FD3-9BEC7FF0FEBF}.Debug|x64.Build.0 = Debug|Any CPU
		{08DB81C7-2CAC-4DAE-8FD3-9BEC7FF0FEBF}.Debug|x86.ActiveCfg = Debug|Any CPU
		{08DB81C7-2CAC-4DAE-8FD3-9BEC7FF0FEBF}.Debug|x86.Build.0 = Debug|Any CPU
		{08DB81C7-2CAC-4DAE-8FD3-9BEC7FF0FEBF}.Release|Any CPU.ActiveCfg = Release|Any CPU
		{08DB81C7-2CAC-4DAE-8FD3-9BEC7FF0FEBF}.Release|Any CPU.Build.0 = Release|Any CPU
		{08DB81C7-2CAC-4DAE-8FD3-9BEC7FF0FEBF}.Release|x64.ActiveCfg = Release|Any CPU
		{08DB81C7-2CAC-4DAE-8FD3-9BEC7FF0FEBF}.Release|x64.Build.0 = Release|Any CPU
		{08DB81C7-2CAC-4DAE-8FD3-9BEC7FF0FEBF}.Release|x86.ActiveCfg = Release|Any CPU
		{08DB81C7-2CAC-4DAE-8FD3-9BEC7FF0FEBF}.Release|x86.Build.0 = Release|Any CPU
		{4FAF765F-76B6-4D98-9C87-F2606FE6C41D}.Debug|Any CPU.ActiveCfg = Debug|Any CPU
		{4FAF765F-76B6-4D98-9C87-F2606FE6C41D}.Debug|Any CPU.Build.0 = Debug|Any CPU
		{4FAF765F-76B6-4D98-9C87-F2606FE6C41D}.Debug|x64.ActiveCfg = Debug|Any CPU
		{4FAF765F-76B6-4D98-9C87-F2606FE6C41D}.Debug|x64.Build.0 = Debug|Any CPU
		{4FAF765F-76B6-4D98-9C87-F2606FE6C41D}.Debug|x86.ActiveCfg = Debug|Any CPU
		{4FAF765F-76B6-4D98-9C87-F2606FE6C41D}.Debug|x86.Build.0 = Debug|Any CPU
		{4FAF765F-76B6-4D98-9C87-F2606FE6C41D}.Release|Any CPU.ActiveCfg = Release|Any CPU
		{4FAF765F-76B6-4D98-9C87-F2606FE6C41D}.Release|Any CPU.Build.0 = Release|Any CPU
		{4FAF765F-76B6-4D98-9C87-F2606FE6C41D}.Release|x64.ActiveCfg = Release|Any CPU
		{4FAF765F-76B6-4D98-9C87-F2606FE6C41D}.Release|x64.Build.0 = Release|Any CPU
		{4FAF765F-76B6-4D98-9C87-F2606FE6C41D}.Release|x86.ActiveCfg = Release|Any CPU
		{4FAF765F-76B6-4D98-9C87-F2606FE6C41D}.Release|x86.Build.0 = Release|Any CPU
		{65D5D7F3-C1B0-48A2-B172-F69D17DA32FF}.Debug|Any CPU.ActiveCfg = Debug|Any CPU
		{65D5D7F3-C1B0-48A2-B172-F69D17DA32FF}.Debug|Any CPU.Build.0 = Debug|Any CPU
		{65D5D7F3-C1B0-48A2-B172-F69D17DA32FF}.Debug|x64.ActiveCfg = Debug|Any CPU
		{65D5D7F3-C1B0-48A2-B172-F69D17DA32FF}.Debug|x64.Build.0 = Debug|Any CPU
		{65D5D7F3-C1B0-48A2-B172-F69D17DA32FF}.Debug|x86.ActiveCfg = Debug|Any CPU
		{65D5D7F3-C1B0-48A2-B172-F69D17DA32FF}.Debug|x86.Build.0 = Debug|Any CPU
		{65D5D7F3-C1B0-48A2-B172-F69D17DA32FF}.Release|Any CPU.ActiveCfg = Release|Any CPU
		{65D5D7F3-C1B0-48A2-B172-F69D17DA32FF}.Release|Any CPU.Build.0 = Release|Any CPU
		{65D5D7F3-C1B0-48A2-B172-F69D17DA32FF}.Release|x64.ActiveCfg = Release|Any CPU
		{65D5D7F3-C1B0-48A2-B172-F69D17DA32FF}.Release|x64.Build.0 = Release|Any CPU
		{65D5D7F3-C1B0-48A2-B172-F69D17DA32FF}.Release|x86.ActiveCfg = Release|Any CPU
		{65D5D7F3-C1B0-48A2-B172-F69D17DA32FF}.Release|x86.Build.0 = Release|Any CPU
		{A13316F4-0CC0-4C25-81BD-3CF677D5DE30}.Debug|Any CPU.ActiveCfg = Debug|Any CPU
		{A13316F4-0CC0-4C25-81BD-3CF677D5DE30}.Debug|Any CPU.Build.0 = Debug|Any CPU
		{A13316F4-0CC0-4C25-81BD-3CF677D5DE30}.Debug|x64.ActiveCfg = Debug|Any CPU
		{A13316F4-0CC0-4C25-81BD-3CF677D5DE30}.Debug|x64.Build.0 = Debug|Any CPU
		{A13316F4-0CC0-4C25-81BD-3CF677D5DE30}.Debug|x86.ActiveCfg = Debug|Any CPU
		{A13316F4-0CC0-4C25-81BD-3CF677D5DE30}.Debug|x86.Build.0 = Debug|Any CPU
		{A13316F4-0CC0-4C25-81BD-3CF677D5DE30}.Release|Any CPU.ActiveCfg = Release|Any CPU
		{A13316F4-0CC0-4C25-81BD-3CF677D5DE30}.Release|Any CPU.Build.0 = Release|Any CPU
		{A13316F4-0CC0-4C25-81BD-3CF677D5DE30}.Release|x64.ActiveCfg = Release|Any CPU
		{A13316F4-0CC0-4C25-81BD-3CF677D5DE30}.Release|x64.Build.0 = Release|Any CPU
		{A13316F4-0CC0-4C25-81BD-3CF677D5DE30}.Release|x86.ActiveCfg = Release|Any CPU
		{A13316F4-0CC0-4C25-81BD-3CF677D5DE30}.Release|x86.Build.0 = Release|Any CPU
		{ED8438BC-F5F3-4720-91D0-63AEDA51546C}.Debug|Any CPU.ActiveCfg = Debug|Any CPU
		{ED8438BC-F5F3-4720-91D0-63AEDA51546C}.Debug|Any CPU.Build.0 = Debug|Any CPU
		{ED8438BC-F5F3-4720-91D0-63AEDA51546C}.Debug|x64.ActiveCfg = Debug|Any CPU
		{ED8438BC-F5F3-4720-91D0-63AEDA51546C}.Debug|x64.Build.0 = Debug|Any CPU
		{ED8438BC-F5F3-4720-91D0-63AEDA51546C}.Debug|x86.ActiveCfg = Debug|Any CPU
		{ED8438BC-F5F3-4720-91D0-63AEDA51546C}.Debug|x86.Build.0 = Debug|Any CPU
		{ED8438BC-F5F3-4720-91D0-63AEDA51546C}.Release|Any CPU.ActiveCfg = Release|Any CPU
		{ED8438BC-F5F3-4720-91D0-63AEDA51546C}.Release|Any CPU.Build.0 = Release|Any CPU
		{ED8438BC-F5F3-4720-91D0-63AEDA51546C}.Release|x64.ActiveCfg = Release|Any CPU
		{ED8438BC-F5F3-4720-91D0-63AEDA51546C}.Release|x64.Build.0 = Release|Any CPU
		{ED8438BC-F5F3-4720-91D0-63AEDA51546C}.Release|x86.ActiveCfg = Release|Any CPU
		{ED8438BC-F5F3-4720-91D0-63AEDA51546C}.Release|x86.Build.0 = Release|Any CPU
		{90C47598-0154-43C3-BE8A-5CFF984998FE}.Debug|Any CPU.ActiveCfg = Debug|Any CPU
		{90C47598-0154-43C3-BE8A-5CFF984998FE}.Debug|Any CPU.Build.0 = Debug|Any CPU
		{90C47598-0154-43C3-BE8A-5CFF984998FE}.Debug|x64.ActiveCfg = Debug|Any CPU
		{90C47598-0154-43C3-BE8A-5CFF984998FE}.Debug|x64.Build.0 = Debug|Any CPU
		{90C47598-0154-43C3-BE8A-5CFF984998FE}.Debug|x86.ActiveCfg = Debug|Any CPU
		{90C47598-0154-43C3-BE8A-5CFF984998FE}.Debug|x86.Build.0 = Debug|Any CPU
		{90C47598-0154-43C3-BE8A-5CFF984998FE}.Release|Any CPU.ActiveCfg = Release|Any CPU
		{90C47598-0154-43C3-BE8A-5CFF984998FE}.Release|Any CPU.Build.0 = Release|Any CPU
		{90C47598-0154-43C3-BE8A-5CFF984998FE}.Release|x64.ActiveCfg = Release|Any CPU
		{90C47598-0154-43C3-BE8A-5CFF984998FE}.Release|x64.Build.0 = Release|Any CPU
		{90C47598-0154-43C3-BE8A-5CFF984998FE}.Release|x86.ActiveCfg = Release|Any CPU
		{90C47598-0154-43C3-BE8A-5CFF984998FE}.Release|x86.Build.0 = Release|Any CPU
	EndGlobalSection
	GlobalSection(SolutionProperties) = preSolution
		HideSolutionNode = FALSE
	EndGlobalSection
	GlobalSection(NestedProjects) = preSolution
		{F79F5007-FEAE-4694-A65F-1A32DA833B98} = {827E0CD3-B72D-47B6-A68D-7590B98EB39B}
		{6527A958-5F9C-4834-BAC7-8DA83485F26C} = {827E0CD3-B72D-47B6-A68D-7590B98EB39B}
		{08DB81C7-2CAC-4DAE-8FD3-9BEC7FF0FEBF} = {827E0CD3-B72D-47B6-A68D-7590B98EB39B}
		{90C47598-0154-43C3-BE8A-5CFF984998FE} = {827E0CD3-B72D-47B6-A68D-7590B98EB39B}
		{4FAF765F-76B6-4D98-9C87-F2606FE6C41D} = {0AB3BF05-4346-4AA6-1389-037BE0695223}
		{65D5D7F3-C1B0-48A2-B172-F69D17DA32FF} = {0AB3BF05-4346-4AA6-1389-037BE0695223}
		{A13316F4-0CC0-4C25-81BD-3CF677D5DE30} = {0AB3BF05-4346-4AA6-1389-037BE0695223}
		{ED8438BC-F5F3-4720-91D0-63AEDA51546C} = {0AB3BF05-4346-4AA6-1389-037BE0695223}
	EndGlobalSection
EndGlobal
